
Microsoft Visual Studio Solution File, Format Version 12.00
# Visual Studio Version 17
VisualStudioVersion = 17.2.32526.322
MinimumVisualStudioVersion = 10.0.40219.1
Project("{FAE04EC0-301F-11D3-BF4B-00C04F79EFBC}") = "AdventOfCodeDay1Part2", "AdventOfCodeDay1Part2\AdventOfCodeDay1Part2.csproj", "{AB45E186-A839-42E6-8E86-ED4CC1547076}"
EndProject
Global
	GlobalSection(SolutionConfigurationPlatforms) = preSolution
		Debug|Any CPU = Debug|Any CPU
		Release|Any CPU = Release|Any CPU
	EndGlobalSection
	GlobalSection(ProjectConfigurationPlatforms) = postSolution
		{AB45E186-A839-42E6-8E86-ED4CC1547076}.Debug|Any CPU.ActiveCfg = Debug|Any CPU
		{AB45E186-A839-42E6-8E86-ED4CC1547076}.Debug|Any CPU.Build.0 = Debug|Any CPU
		{AB45E186-A839-42E6-8E86-ED4CC1547076}.Release|Any CPU.ActiveCfg = Release|Any CPU
		{AB45E186-A839-42E6-8E86-ED4CC1547076}.Release|Any CPU.Build.0 = Release|Any CPU
	EndGlobalSection
	GlobalSection(SolutionProperties) = preSolution
		HideSolutionNode = FALSE
	EndGlobalSection
	GlobalSection(ExtensibilityGlobals) = postSolution
		SolutionGuid = {073B45BD-2F0A-427A-96F7-013E705F3A9F}
	EndGlobalSection
EndGlobal
